
Microsoft Visual Studio Solution File, Format Version 12.00
# Visual Studio Version 17
VisualStudioVersion = 17.5.002.0
MinimumVisualStudioVersion = 10.0.40219.1
Project("{2150E333-8FDC-42A3-9474-1A3956D46DE8}") = "csharp", "csharp", "{D0BB5E84-8174-4D95-9C5B-CBB66B6C9A98}"
EndProject
Project("{9A19103F-16F7-4668-BE54-9A1E7A4F7556}") = "HelloWorld", "csharp\hello-world\HelloWorld.csproj", "{31F4F8F2-7051-4BE3-8429-6365C1AFF9AE}"
EndProject
Project("{FAE04EC0-301F-11D3-BF4B-00C04F79EFBC}") = "LuciansLusciousLasagna", "csharp\lucians-luscious-lasagna\LuciansLusciousLasagna.csproj", "{B7BA710F-7B1D-485F-AD6F-565A39D14BEC}"
EndProject
Project("{FAE04EC0-301F-11D3-BF4B-00C04F79EFBC}") = "AnnalynsInfiltration", "csharp\annalyns-infiltration\AnnalynsInfiltration.csproj", "{15584026-8771-4396-A539-C720F8F26C97}"
EndProject
Project("{FAE04EC0-301F-11D3-BF4B-00C04F79EFBC}") = "CarsAssemble", "csharp\cars-assemble\CarsAssemble.csproj", "{3AB1CDFC-6A27-4CEB-9B49-A95548D0272A}"
EndProject
Project("{FAE04EC0-301F-11D3-BF4B-00C04F79EFBC}") = "Leap", "csharp\leap\Leap.csproj", "{C36131A6-4DB1-4367-BCB2-286B7AE8B52E}"
EndProject
Project("{FAE04EC0-301F-11D3-BF4B-00C04F79EFBC}") = "InterestIsInteresting", "csharp\interest-is-interesting\InterestIsInteresting.csproj", "{2B32ED88-235F-4D42-A4FE-381C723D55AC}"
EndProject
Project("{FAE04EC0-301F-11D3-BF4B-00C04F79EFBC}") = "LogLevels", "csharp\log-levels\LogLevels.csproj", "{73DF0442-BDD2-4D13-8D75-894F1E4BC958}"
EndProject
Project("{FAE04EC0-301F-11D3-BF4B-00C04F79EFBC}") = "Darts", "csharp\darts\Darts.csproj", "{4D279516-3648-4027-B46B-F53535B32B00}"
EndProject
Project("{FAE04EC0-301F-11D3-BF4B-00C04F79EFBC}") = "Triangle", "csharp\triangle\Triangle.csproj", "{10EB9A4E-AFAD-43DF-B1E5-367D1E595C84}"
EndProject
Project("{FAE04EC0-301F-11D3-BF4B-00C04F79EFBC}") = "DifferenceOfSquares", "csharp\difference-of-squares\DifferenceOfSquares.csproj", "{1DDF83E5-2F87-497A-A177-9FA8BFCAC2A0}"
EndProject
Project("{FAE04EC0-301F-11D3-BF4B-00C04F79EFBC}") = "RollTheDie", "csharp\roll-the-die\RollTheDie.csproj", "{E8B70089-3E3E-416F-9DB4-CED706BF6F08}"
EndProject
Project("{FAE04EC0-301F-11D3-BF4B-00C04F79EFBC}") = "DiffieHellman", "csharp\diffie-hellman\DiffieHellman.csproj", "{3BC34396-821A-4FD2-8597-690E509B0763}"
EndProject
Global
	GlobalSection(SolutionConfigurationPlatforms) = preSolution
		Debug|Any CPU = Debug|Any CPU
		Release|Any CPU = Release|Any CPU
	EndGlobalSection
	GlobalSection(ProjectConfigurationPlatforms) = postSolution
		{31F4F8F2-7051-4BE3-8429-6365C1AFF9AE}.Debug|Any CPU.ActiveCfg = Debug|Any CPU
		{31F4F8F2-7051-4BE3-8429-6365C1AFF9AE}.Debug|Any CPU.Build.0 = Debug|Any CPU
		{31F4F8F2-7051-4BE3-8429-6365C1AFF9AE}.Release|Any CPU.ActiveCfg = Release|Any CPU
		{31F4F8F2-7051-4BE3-8429-6365C1AFF9AE}.Release|Any CPU.Build.0 = Release|Any CPU
		{B7BA710F-7B1D-485F-AD6F-565A39D14BEC}.Debug|Any CPU.ActiveCfg = Debug|Any CPU
		{B7BA710F-7B1D-485F-AD6F-565A39D14BEC}.Debug|Any CPU.Build.0 = Debug|Any CPU
		{B7BA710F-7B1D-485F-AD6F-565A39D14BEC}.Release|Any CPU.ActiveCfg = Release|Any CPU
		{B7BA710F-7B1D-485F-AD6F-565A39D14BEC}.Release|Any CPU.Build.0 = Release|Any CPU
		{15584026-8771-4396-A539-C720F8F26C97}.Debug|Any CPU.ActiveCfg = Debug|Any CPU
		{15584026-8771-4396-A539-C720F8F26C97}.Debug|Any CPU.Build.0 = Debug|Any CPU
		{15584026-8771-4396-A539-C720F8F26C97}.Release|Any CPU.ActiveCfg = Release|Any CPU
		{15584026-8771-4396-A539-C720F8F26C97}.Release|Any CPU.Build.0 = Release|Any CPU
		{3AB1CDFC-6A27-4CEB-9B49-A95548D0272A}.Debug|Any CPU.ActiveCfg = Debug|Any CPU
		{3AB1CDFC-6A27-4CEB-9B49-A95548D0272A}.Debug|Any CPU.Build.0 = Debug|Any CPU
		{3AB1CDFC-6A27-4CEB-9B49-A95548D0272A}.Release|Any CPU.ActiveCfg = Release|Any CPU
		{3AB1CDFC-6A27-4CEB-9B49-A95548D0272A}.Release|Any CPU.Build.0 = Release|Any CPU
		{C36131A6-4DB1-4367-BCB2-286B7AE8B52E}.Debug|Any CPU.ActiveCfg = Debug|Any CPU
		{C36131A6-4DB1-4367-BCB2-286B7AE8B52E}.Debug|Any CPU.Build.0 = Debug|Any CPU
		{C36131A6-4DB1-4367-BCB2-286B7AE8B52E}.Release|Any CPU.ActiveCfg = Release|Any CPU
		{C36131A6-4DB1-4367-BCB2-286B7AE8B52E}.Release|Any CPU.Build.0 = Release|Any CPU
		{2B32ED88-235F-4D42-A4FE-381C723D55AC}.Debug|Any CPU.ActiveCfg = Debug|Any CPU
		{2B32ED88-235F-4D42-A4FE-381C723D55AC}.Debug|Any CPU.Build.0 = Debug|Any CPU
		{2B32ED88-235F-4D42-A4FE-381C723D55AC}.Release|Any CPU.ActiveCfg = Release|Any CPU
		{2B32ED88-235F-4D42-A4FE-381C723D55AC}.Release|Any CPU.Build.0 = Release|Any CPU
		{73DF0442-BDD2-4D13-8D75-894F1E4BC958}.Debug|Any CPU.ActiveCfg = Debug|Any CPU
		{73DF0442-BDD2-4D13-8D75-894F1E4BC958}.Debug|Any CPU.Build.0 = Debug|Any CPU
		{73DF0442-BDD2-4D13-8D75-894F1E4BC958}.Release|Any CPU.ActiveCfg = Release|Any CPU
		{73DF0442-BDD2-4D13-8D75-894F1E4BC958}.Release|Any CPU.Build.0 = Release|Any CPU
		{4D279516-3648-4027-B46B-F53535B32B00}.Debug|Any CPU.ActiveCfg = Debug|Any CPU
		{4D279516-3648-4027-B46B-F53535B32B00}.Debug|Any CPU.Build.0 = Debug|Any CPU
		{4D279516-3648-4027-B46B-F53535B32B00}.Release|Any CPU.ActiveCfg = Release|Any CPU
		{4D279516-3648-4027-B46B-F53535B32B00}.Release|Any CPU.Build.0 = Release|Any CPU
		{10EB9A4E-AFAD-43DF-B1E5-367D1E595C84}.Debug|Any CPU.ActiveCfg = Debug|Any CPU
		{10EB9A4E-AFAD-43DF-B1E5-367D1E595C84}.Debug|Any CPU.Build.0 = Debug|Any CPU
		{10EB9A4E-AFAD-43DF-B1E5-367D1E595C84}.Release|Any CPU.ActiveCfg = Release|Any CPU
		{10EB9A4E-AFAD-43DF-B1E5-367D1E595C84}.Release|Any CPU.Build.0 = Release|Any CPU
		{1DDF83E5-2F87-497A-A177-9FA8BFCAC2A0}.Debug|Any CPU.ActiveCfg = Debug|Any CPU
		{1DDF83E5-2F87-497A-A177-9FA8BFCAC2A0}.Debug|Any CPU.Build.0 = Debug|Any CPU
		{1DDF83E5-2F87-497A-A177-9FA8BFCAC2A0}.Release|Any CPU.ActiveCfg = Release|Any CPU
		{1DDF83E5-2F87-497A-A177-9FA8BFCAC2A0}.Release|Any CPU.Build.0 = Release|Any CPU
		{E8B70089-3E3E-416F-9DB4-CED706BF6F08}.Debug|Any CPU.ActiveCfg = Debug|Any CPU
		{E8B70089-3E3E-416F-9DB4-CED706BF6F08}.Debug|Any CPU.Build.0 = Debug|Any CPU
		{E8B70089-3E3E-416F-9DB4-CED706BF6F08}.Release|Any CPU.ActiveCfg = Release|Any CPU
		{E8B70089-3E3E-416F-9DB4-CED706BF6F08}.Release|Any CPU.Build.0 = Release|Any CPU
		{3BC34396-821A-4FD2-8597-690E509B0763}.Debug|Any CPU.ActiveCfg = Debug|Any CPU
		{3BC34396-821A-4FD2-8597-690E509B0763}.Debug|Any CPU.Build.0 = Debug|Any CPU
		{3BC34396-821A-4FD2-8597-690E509B0763}.Release|Any CPU.ActiveCfg = Release|Any CPU
		{3BC34396-821A-4FD2-8597-690E509B0763}.Release|Any CPU.Build.0 = Release|Any CPU
	EndGlobalSection
	GlobalSection(SolutionProperties) = preSolution
		HideSolutionNode = FALSE
	EndGlobalSection
	GlobalSection(NestedProjects) = preSolution
		{31F4F8F2-7051-4BE3-8429-6365C1AFF9AE} = {D0BB5E84-8174-4D95-9C5B-CBB66B6C9A98}
		{B7BA710F-7B1D-485F-AD6F-565A39D14BEC} = {D0BB5E84-8174-4D95-9C5B-CBB66B6C9A98}
		{15584026-8771-4396-A539-C720F8F26C97} = {D0BB5E84-8174-4D95-9C5B-CBB66B6C9A98}
		{3AB1CDFC-6A27-4CEB-9B49-A95548D0272A} = {D0BB5E84-8174-4D95-9C5B-CBB66B6C9A98}
		{C36131A6-4DB1-4367-BCB2-286B7AE8B52E} = {D0BB5E84-8174-4D95-9C5B-CBB66B6C9A98}
		{2B32ED88-235F-4D42-A4FE-381C723D55AC} = {D0BB5E84-8174-4D95-9C5B-CBB66B6C9A98}
		{73DF0442-BDD2-4D13-8D75-894F1E4BC958} = {D0BB5E84-8174-4D95-9C5B-CBB66B6C9A98}
		{4D279516-3648-4027-B46B-F53535B32B00} = {D0BB5E84-8174-4D95-9C5B-CBB66B6C9A98}
		{10EB9A4E-AFAD-43DF-B1E5-367D1E595C84} = {D0BB5E84-8174-4D95-9C5B-CBB66B6C9A98}
		{1DDF83E5-2F87-497A-A177-9FA8BFCAC2A0} = {D0BB5E84-8174-4D95-9C5B-CBB66B6C9A98}
		{E8B70089-3E3E-416F-9DB4-CED706BF6F08} = {D0BB5E84-8174-4D95-9C5B-CBB66B6C9A98}
		{3BC34396-821A-4FD2-8597-690E509B0763} = {D0BB5E84-8174-4D95-9C5B-CBB66B6C9A98}
	EndGlobalSection
	GlobalSection(ExtensibilityGlobals) = postSolution
		SolutionGuid = {AF3C4834-8E25-483D-8108-60BD454E1487}
	EndGlobalSection
EndGlobal
